
Microsoft Visual Studio Solution File, Format Version 12.00
# Visual Studio 14
VisualStudioVersion = 14.0.25420.1
MinimumVisualStudioVersion = 10.0.40219.1
Project("{FAE04EC0-301F-11D3-BF4B-00C04F79EFBC}") = "Domain", "Domain\Domain.csproj", "{3C7DC016-89B2-4B7C-90D4-FD2CC1452CF1}"
EndProject
Project("{FAE04EC0-301F-11D3-BF4B-00C04F79EFBC}") = "WebUI", "WebUI\WebUI.csproj", "{2ED9B655-6510-4F33-92C0-12BF50F1CF85}"
EndProject
Global
	GlobalSection(SolutionConfigurationPlatforms) = preSolution
		Debug|Any CPU = Debug|Any CPU
		Release|Any CPU = Release|Any CPU
	EndGlobalSection
	GlobalSection(ProjectConfigurationPlatforms) = postSolution
		{3C7DC016-89B2-4B7C-90D4-FD2CC1452CF1}.Debug|Any CPU.ActiveCfg = Debug|Any CPU
		{3C7DC016-89B2-4B7C-90D4-FD2CC1452CF1}.Debug|Any CPU.Build.0 = Debug|Any CPU
		{3C7DC016-89B2-4B7C-90D4-FD2CC1452CF1}.Release|Any CPU.ActiveCfg = Release|Any CPU
		{3C7DC016-89B2-4B7C-90D4-FD2CC1452CF1}.Release|Any CPU.Build.0 = Release|Any CPU
		{2ED9B655-6510-4F33-92C0-12BF50F1CF85}.Debug|Any CPU.ActiveCfg = Debug|Any CPU
		{2ED9B655-6510-4F33-92C0-12BF50F1CF85}.Debug|Any CPU.Build.0 = Debug|Any CPU
		{2ED9B655-6510-4F33-92C0-12BF50F1CF85}.Release|Any CPU.ActiveCfg = Release|Any CPU
		{2ED9B655-6510-4F33-92C0-12BF50F1CF85}.Release|Any CPU.Build.0 = Release|Any CPU
	EndGlobalSection
	GlobalSection(SolutionProperties) = preSolution
		HideSolutionNode = FALSE
	EndGlobalSection
EndGlobal
